{
  "name": "cuid-cli",
  "version": "0.1.0",
  "lockfileVersion": 1,
  "requires": true,
  "dependencies": {
    "clear": {
      "version": "0.0.1",
      "resolved": "https://registry.npmjs.org/clear/-/clear-0.0.1.tgz",
      "integrity": "sha1-5RhuIp2ZRIF5wTAxG2+dML/2sLo="
    },
    "cuid": {
      "version": "2.1.0",
      "resolved": "https://registry.npmjs.org/cuid/-/cuid-2.1.0.tgz",
      "integrity": "sha512-bXgtIl3CPO0kzfx46z3CPuOoyxEA32ljiLWG3TE60rpe3j99aoVK7p5EBQkHh4AyLBgXSbhJyEzo9SA1VKPRLA=="
    },
    "minimist": {
      "version": "1.2.0",
      "resolved": "https://registry.npmjs.org/minimist/-/minimist-1.2.0.tgz",
      "integrity": "sha1-o1AIsg9BOD7sH7kU9M1d95omQoQ="
    }
  }
}
