# THIS IS AN AUTOGENERATED FILE. DO NOT EDIT THIS FILE DIRECTLY.
# yarn lockfile v1


clear@^0.0.1:
  version "0.0.1"
  resolved "https://registry.yarnpkg.com/clear/-/clear-0.0.1.tgz#e5186e229d99448179c130311b6f9d30bff6b0ba"

console-clear@^1.1.0:
  version "1.1.0"
  resolved "https://registry.yarnpkg.com/console-clear/-/console-clear-1.1.0.tgz#d5d381b813c80d14d2cce169449585639d31325a"

cuid@^2.1.0:
  version "2.1.0"
  resolved "https://registry.yarnpkg.com/cuid/-/cuid-2.1.0.tgz#90aa2e3c40b6436f5f14f7cefcfd9d86c5ed64a6"

minimist@^1.2.0:
  version "1.2.0"
  resolved "https://registry.yarnpkg.com/minimist/-/minimist-1.2.0.tgz#a35008b20f41383eec1fb914f4cd5df79a264284"
